
Microsoft Visual Studio Solution File, Format Version 12.00
# Visual Studio Version 16
VisualStudioVersion = 16.0.30320.27
MinimumVisualStudioVersion = 10.0.40219.1
Project("{FAE04EC0-301F-11D3-BF4B-00C04F79EFBC}") = "Authentication", "Authentication\Authentication.csproj", "{58FCAFE4-4B9B-4E38-911E-2A1FE523405D}"
EndProject
Global
	GlobalSection(SolutionConfigurationPlatforms) = preSolution
		Debug|Any CPU = Debug|Any CPU
		Release|Any CPU = Release|Any CPU
	EndGlobalSection
	GlobalSection(ProjectConfigurationPlatforms) = postSolution
		{58FCAFE4-4B9B-4E38-911E-2A1FE523405D}.Debug|Any CPU.ActiveCfg = Debug|Any CPU
		{58FCAFE4-4B9B-4E38-911E-2A1FE523405D}.Debug|Any CPU.Build.0 = Debug|Any CPU
		{58FCAFE4-4B9B-4E38-911E-2A1FE523405D}.Release|Any CPU.ActiveCfg = Release|Any CPU
		{58FCAFE4-4B9B-4E38-911E-2A1FE523405D}.Release|Any CPU.Build.0 = Release|Any CPU
	EndGlobalSection
	GlobalSection(SolutionProperties) = preSolution
		HideSolutionNode = FALSE
	EndGlobalSection
	GlobalSection(ExtensibilityGlobals) = postSolution
		SolutionGuid = {9D8A3F09-90C5-4796-A392-3895B9F8B28F}
	EndGlobalSection
EndGlobal
